
Microsoft Visual Studio Solution File, Format Version 12.00
# Visual Studio Version 17
VisualStudioVersion = 17.7.34003.232
MinimumVisualStudioVersion = 10.0.40219.1
Project("{FAE04EC0-301F-11D3-BF4B-00C04F79EFBC}") = "Project3", "Project3\Project3.csproj", "{006A689C-3C3C-4A3F-8973-21FDD064C188}"
EndProject
Global
	GlobalSection(SolutionConfigurationPlatforms) = preSolution
		Debug|Any CPU = Debug|Any CPU
		Release|Any CPU = Release|Any CPU
	EndGlobalSection
	GlobalSection(ProjectConfigurationPlatforms) = postSolution
		{006A689C-3C3C-4A3F-8973-21FDD064C188}.Debug|Any CPU.ActiveCfg = Debug|Any CPU
		{006A689C-3C3C-4A3F-8973-21FDD064C188}.Debug|Any CPU.Build.0 = Debug|Any CPU
		{006A689C-3C3C-4A3F-8973-21FDD064C188}.Release|Any CPU.ActiveCfg = Release|Any CPU
		{006A689C-3C3C-4A3F-8973-21FDD064C188}.Release|Any CPU.Build.0 = Release|Any CPU
	EndGlobalSection
	GlobalSection(SolutionProperties) = preSolution
		HideSolutionNode = FALSE
	EndGlobalSection
	GlobalSection(ExtensibilityGlobals) = postSolution
		SolutionGuid = {597BBB0C-EDA3-4478-BFC8-D0CD7283ABAA}
	EndGlobalSection
EndGlobal
